
Microsoft Visual Studio Solution File, Format Version 12.00
# Visual Studio Version 17
VisualStudioVersion = 17.0.31919.166
MinimumVisualStudioVersion = 10.0.40219.1
Project("{9A19103F-16F7-4668-BE54-9A1E7A4F7556}") = "Day01", "Day01\Day01.csproj", "{22C4979F-1605-4892-B5CE-0878F8FC6880}"
EndProject
Project("{9A19103F-16F7-4668-BE54-9A1E7A4F7556}") = "Day02", "Day02\Day02.csproj", "{C373C2C6-6A5F-4048-BFF8-BFCA14F9BE6C}"
EndProject
Project("{9A19103F-16F7-4668-BE54-9A1E7A4F7556}") = "Day03", "Day03\Day03.csproj", "{B6981973-74A3-4E26-A0C8-6C35322BCE24}"
EndProject
Project("{9A19103F-16F7-4668-BE54-9A1E7A4F7556}") = "Day04", "Day04\Day04.csproj", "{ACD7ECD2-ED41-4389-824E-67BD2E008803}"
EndProject
Project("{9A19103F-16F7-4668-BE54-9A1E7A4F7556}") = "Day05", "Day05\Day05.csproj", "{9D34A726-C4C0-4656-A417-B864C38477B0}"
EndProject
Project("{9A19103F-16F7-4668-BE54-9A1E7A4F7556}") = "Day06", "Day06\Day06.csproj", "{DC69D8FC-88CD-46BA-96D5-707E7D7C100C}"
EndProject
Project("{9A19103F-16F7-4668-BE54-9A1E7A4F7556}") = "Day07", "Day07\Day07.csproj", "{DDDA0704-6711-4948-984F-53318F16D732}"
EndProject
Project("{9A19103F-16F7-4668-BE54-9A1E7A4F7556}") = "Day08", "Day08\Day08.csproj", "{D2BD0FCB-4D3D-4A48-9977-AAD44613D4F0}"
EndProject
Project("{9A19103F-16F7-4668-BE54-9A1E7A4F7556}") = "Day09", "Day09\Day09.csproj", "{BF5B79A1-A64A-49EC-98C1-C34AED1EA532}"
EndProject
Project("{9A19103F-16F7-4668-BE54-9A1E7A4F7556}") = "Day10", "Day10\Day10.csproj", "{A72F7EB2-E7B8-4C1A-BC12-F77F1F4273A1}"
EndProject
Project("{9A19103F-16F7-4668-BE54-9A1E7A4F7556}") = "Day11", "Day11\Day11.csproj", "{360ADC8F-13A9-4414-AA6D-D1B4BBFFD7C4}"
EndProject
Project("{9A19103F-16F7-4668-BE54-9A1E7A4F7556}") = "Day12", "Day12\Day12.csproj", "{17CC37D6-9749-400F-A2A3-CCD5E01BB1FC}"
EndProject
Project("{9A19103F-16F7-4668-BE54-9A1E7A4F7556}") = "Day13", "Day13\Day13.csproj", "{B6118DDA-8BEC-4DA8-8F62-56169970A963}"
EndProject
Project("{9A19103F-16F7-4668-BE54-9A1E7A4F7556}") = "Day14", "Day14\Day14.csproj", "{0E8C63D4-E429-461F-B010-3A52477C2EAC}"
EndProject
Project("{9A19103F-16F7-4668-BE54-9A1E7A4F7556}") = "Day15", "Day15\Day15.csproj", "{4746C486-5045-4814-84C5-9BB599DDFF66}"
EndProject
Project("{9A19103F-16F7-4668-BE54-9A1E7A4F7556}") = "Day16", "Day16\Day16.csproj", "{AE6078AA-7480-4689-8450-A01C030D71E8}"
EndProject
Project("{FAE04EC0-301F-11D3-BF4B-00C04F79EFBC}") = "Day17", "Day17\Day17.csproj", "{23645AAB-D385-4D5E-B863-22A1CE56E0E9}"
EndProject
Global
	GlobalSection(SolutionConfigurationPlatforms) = preSolution
		Debug|Any CPU = Debug|Any CPU
		Release|Any CPU = Release|Any CPU
	EndGlobalSection
	GlobalSection(ProjectConfigurationPlatforms) = postSolution
		{22C4979F-1605-4892-B5CE-0878F8FC6880}.Debug|Any CPU.ActiveCfg = Debug|Any CPU
		{22C4979F-1605-4892-B5CE-0878F8FC6880}.Debug|Any CPU.Build.0 = Debug|Any CPU
		{22C4979F-1605-4892-B5CE-0878F8FC6880}.Release|Any CPU.ActiveCfg = Release|Any CPU
		{22C4979F-1605-4892-B5CE-0878F8FC6880}.Release|Any CPU.Build.0 = Release|Any CPU
		{C373C2C6-6A5F-4048-BFF8-BFCA14F9BE6C}.Debug|Any CPU.ActiveCfg = Debug|Any CPU
		{C373C2C6-6A5F-4048-BFF8-BFCA14F9BE6C}.Debug|Any CPU.Build.0 = Debug|Any CPU
		{C373C2C6-6A5F-4048-BFF8-BFCA14F9BE6C}.Release|Any CPU.ActiveCfg = Release|Any CPU
		{C373C2C6-6A5F-4048-BFF8-BFCA14F9BE6C}.Release|Any CPU.Build.0 = Release|Any CPU
		{B6981973-74A3-4E26-A0C8-6C35322BCE24}.Debug|Any CPU.ActiveCfg = Debug|Any CPU
		{B6981973-74A3-4E26-A0C8-6C35322BCE24}.Debug|Any CPU.Build.0 = Debug|Any CPU
		{B6981973-74A3-4E26-A0C8-6C35322BCE24}.Release|Any CPU.ActiveCfg = Release|Any CPU
		{B6981973-74A3-4E26-A0C8-6C35322BCE24}.Release|Any CPU.Build.0 = Release|Any CPU
		{ACD7ECD2-ED41-4389-824E-67BD2E008803}.Debug|Any CPU.ActiveCfg = Debug|Any CPU
		{ACD7ECD2-ED41-4389-824E-67BD2E008803}.Debug|Any CPU.Build.0 = Debug|Any CPU
		{ACD7ECD2-ED41-4389-824E-67BD2E008803}.Release|Any CPU.ActiveCfg = Release|Any CPU
		{ACD7ECD2-ED41-4389-824E-67BD2E008803}.Release|Any CPU.Build.0 = Release|Any CPU
		{9D34A726-C4C0-4656-A417-B864C38477B0}.Debug|Any CPU.ActiveCfg = Debug|Any CPU
		{9D34A726-C4C0-4656-A417-B864C38477B0}.Debug|Any CPU.Build.0 = Debug|Any CPU
		{9D34A726-C4C0-4656-A417-B864C38477B0}.Release|Any CPU.ActiveCfg = Release|Any CPU
		{9D34A726-C4C0-4656-A417-B864C38477B0}.Release|Any CPU.Build.0 = Release|Any CPU
		{DC69D8FC-88CD-46BA-96D5-707E7D7C100C}.Debug|Any CPU.ActiveCfg = Debug|Any CPU
		{DC69D8FC-88CD-46BA-96D5-707E7D7C100C}.Debug|Any CPU.Build.0 = Debug|Any CPU
		{DC69D8FC-88CD-46BA-96D5-707E7D7C100C}.Release|Any CPU.ActiveCfg = Release|Any CPU
		{DC69D8FC-88CD-46BA-96D5-707E7D7C100C}.Release|Any CPU.Build.0 = Release|Any CPU
		{DDDA0704-6711-4948-984F-53318F16D732}.Debug|Any CPU.ActiveCfg = Debug|Any CPU
		{DDDA0704-6711-4948-984F-53318F16D732}.Debug|Any CPU.Build.0 = Debug|Any CPU
		{DDDA0704-6711-4948-984F-53318F16D732}.Release|Any CPU.ActiveCfg = Release|Any CPU
		{DDDA0704-6711-4948-984F-53318F16D732}.Release|Any CPU.Build.0 = Release|Any CPU
		{D2BD0FCB-4D3D-4A48-9977-AAD44613D4F0}.Debug|Any CPU.ActiveCfg = Debug|Any CPU
		{D2BD0FCB-4D3D-4A48-9977-AAD44613D4F0}.Debug|Any CPU.Build.0 = Debug|Any CPU
		{D2BD0FCB-4D3D-4A48-9977-AAD44613D4F0}.Release|Any CPU.ActiveCfg = Release|Any CPU
		{D2BD0FCB-4D3D-4A48-9977-AAD44613D4F0}.Release|Any CPU.Build.0 = Release|Any CPU
		{BF5B79A1-A64A-49EC-98C1-C34AED1EA532}.Debug|Any CPU.ActiveCfg = Debug|Any CPU
		{BF5B79A1-A64A-49EC-98C1-C34AED1EA532}.Debug|Any CPU.Build.0 = Debug|Any CPU
		{BF5B79A1-A64A-49EC-98C1-C34AED1EA532}.Release|Any CPU.ActiveCfg = Release|Any CPU
		{BF5B79A1-A64A-49EC-98C1-C34AED1EA532}.Release|Any CPU.Build.0 = Release|Any CPU
		{A72F7EB2-E7B8-4C1A-BC12-F77F1F4273A1}.Debug|Any CPU.ActiveCfg = Debug|Any CPU
		{A72F7EB2-E7B8-4C1A-BC12-F77F1F4273A1}.Debug|Any CPU.Build.0 = Debug|Any CPU
		{A72F7EB2-E7B8-4C1A-BC12-F77F1F4273A1}.Release|Any CPU.ActiveCfg = Release|Any CPU
		{A72F7EB2-E7B8-4C1A-BC12-F77F1F4273A1}.Release|Any CPU.Build.0 = Release|Any CPU
		{360ADC8F-13A9-4414-AA6D-D1B4BBFFD7C4}.Debug|Any CPU.ActiveCfg = Debug|Any CPU
		{360ADC8F-13A9-4414-AA6D-D1B4BBFFD7C4}.Debug|Any CPU.Build.0 = Debug|Any CPU
		{360ADC8F-13A9-4414-AA6D-D1B4BBFFD7C4}.Release|Any CPU.ActiveCfg = Release|Any CPU
		{360ADC8F-13A9-4414-AA6D-D1B4BBFFD7C4}.Release|Any CPU.Build.0 = Release|Any CPU
		{17CC37D6-9749-400F-A2A3-CCD5E01BB1FC}.Debug|Any CPU.ActiveCfg = Debug|Any CPU
		{17CC37D6-9749-400F-A2A3-CCD5E01BB1FC}.Debug|Any CPU.Build.0 = Debug|Any CPU
		{17CC37D6-9749-400F-A2A3-CCD5E01BB1FC}.Release|Any CPU.ActiveCfg = Release|Any CPU
		{17CC37D6-9749-400F-A2A3-CCD5E01BB1FC}.Release|Any CPU.Build.0 = Release|Any CPU
		{B6118DDA-8BEC-4DA8-8F62-56169970A963}.Debug|Any CPU.ActiveCfg = Debug|Any CPU
		{B6118DDA-8BEC-4DA8-8F62-56169970A963}.Debug|Any CPU.Build.0 = Debug|Any CPU
		{B6118DDA-8BEC-4DA8-8F62-56169970A963}.Release|Any CPU.ActiveCfg = Release|Any CPU
		{B6118DDA-8BEC-4DA8-8F62-56169970A963}.Release|Any CPU.Build.0 = Release|Any CPU
		{0E8C63D4-E429-461F-B010-3A52477C2EAC}.Debug|Any CPU.ActiveCfg = Debug|Any CPU
		{0E8C63D4-E429-461F-B010-3A52477C2EAC}.Debug|Any CPU.Build.0 = Debug|Any CPU
		{0E8C63D4-E429-461F-B010-3A52477C2EAC}.Release|Any CPU.ActiveCfg = Release|Any CPU
		{0E8C63D4-E429-461F-B010-3A52477C2EAC}.Release|Any CPU.Build.0 = Release|Any CPU
		{4746C486-5045-4814-84C5-9BB599DDFF66}.Debug|Any CPU.ActiveCfg = Debug|Any CPU
		{4746C486-5045-4814-84C5-9BB599DDFF66}.Debug|Any CPU.Build.0 = Debug|Any CPU
		{4746C486-5045-4814-84C5-9BB599DDFF66}.Release|Any CPU.ActiveCfg = Release|Any CPU
		{4746C486-5045-4814-84C5-9BB599DDFF66}.Release|Any CPU.Build.0 = Release|Any CPU
		{AE6078AA-7480-4689-8450-A01C030D71E8}.Debug|Any CPU.ActiveCfg = Debug|Any CPU
		{AE6078AA-7480-4689-8450-A01C030D71E8}.Debug|Any CPU.Build.0 = Debug|Any CPU
		{AE6078AA-7480-4689-8450-A01C030D71E8}.Release|Any CPU.ActiveCfg = Release|Any CPU
		{AE6078AA-7480-4689-8450-A01C030D71E8}.Release|Any CPU.Build.0 = Release|Any CPU
		{23645AAB-D385-4D5E-B863-22A1CE56E0E9}.Debug|Any CPU.ActiveCfg = Debug|Any CPU
		{23645AAB-D385-4D5E-B863-22A1CE56E0E9}.Debug|Any CPU.Build.0 = Debug|Any CPU
		{23645AAB-D385-4D5E-B863-22A1CE56E0E9}.Release|Any CPU.ActiveCfg = Release|Any CPU
		{23645AAB-D385-4D5E-B863-22A1CE56E0E9}.Release|Any CPU.Build.0 = Release|Any CPU
	EndGlobalSection
	GlobalSection(SolutionProperties) = preSolution
		HideSolutionNode = FALSE
	EndGlobalSection
	GlobalSection(ExtensibilityGlobals) = postSolution
		SolutionGuid = {96D05FAE-896C-4C71-8B1B-8067197F5F9E}
	EndGlobalSection
EndGlobal
