
Microsoft Visual Studio Solution File, Format Version 12.00
# Visual Studio Version 17
VisualStudioVersion = 17.0.31919.166
MinimumVisualStudioVersion = 10.0.40219.1
Project("{9A19103F-16F7-4668-BE54-9A1E7A4F7556}") = "Day1", "Day1\Day1.csproj", "{22C4979F-1605-4892-B5CE-0878F8FC6880}"
EndProject
Project("{9A19103F-16F7-4668-BE54-9A1E7A4F7556}") = "Day2", "Day2\Day2.csproj", "{C373C2C6-6A5F-4048-BFF8-BFCA14F9BE6C}"
EndProject
Project("{9A19103F-16F7-4668-BE54-9A1E7A4F7556}") = "Day3", "Day3\Day3.csproj", "{B6981973-74A3-4E26-A0C8-6C35322BCE24}"
EndProject
Project("{9A19103F-16F7-4668-BE54-9A1E7A4F7556}") = "Day4", "Day4\Day4.csproj", "{ACD7ECD2-ED41-4389-824E-67BD2E008803}"
EndProject
Project("{FAE04EC0-301F-11D3-BF4B-00C04F79EFBC}") = "Day5", "Day5\Day5.csproj", "{9D34A726-C4C0-4656-A417-B864C38477B0}"
EndProject
Project("{FAE04EC0-301F-11D3-BF4B-00C04F79EFBC}") = "Day6", "Day6\Day6.csproj", "{DC69D8FC-88CD-46BA-96D5-707E7D7C100C}"
EndProject
Global
	GlobalSection(SolutionConfigurationPlatforms) = preSolution
		Debug|Any CPU = Debug|Any CPU
		Release|Any CPU = Release|Any CPU
	EndGlobalSection
	GlobalSection(ProjectConfigurationPlatforms) = postSolution
		{22C4979F-1605-4892-B5CE-0878F8FC6880}.Debug|Any CPU.ActiveCfg = Debug|Any CPU
		{22C4979F-1605-4892-B5CE-0878F8FC6880}.Debug|Any CPU.Build.0 = Debug|Any CPU
		{22C4979F-1605-4892-B5CE-0878F8FC6880}.Release|Any CPU.ActiveCfg = Release|Any CPU
		{22C4979F-1605-4892-B5CE-0878F8FC6880}.Release|Any CPU.Build.0 = Release|Any CPU
		{C373C2C6-6A5F-4048-BFF8-BFCA14F9BE6C}.Debug|Any CPU.ActiveCfg = Debug|Any CPU
		{C373C2C6-6A5F-4048-BFF8-BFCA14F9BE6C}.Debug|Any CPU.Build.0 = Debug|Any CPU
		{C373C2C6-6A5F-4048-BFF8-BFCA14F9BE6C}.Release|Any CPU.ActiveCfg = Release|Any CPU
		{C373C2C6-6A5F-4048-BFF8-BFCA14F9BE6C}.Release|Any CPU.Build.0 = Release|Any CPU
		{B6981973-74A3-4E26-A0C8-6C35322BCE24}.Debug|Any CPU.ActiveCfg = Debug|Any CPU
		{B6981973-74A3-4E26-A0C8-6C35322BCE24}.Debug|Any CPU.Build.0 = Debug|Any CPU
		{B6981973-74A3-4E26-A0C8-6C35322BCE24}.Release|Any CPU.ActiveCfg = Release|Any CPU
		{B6981973-74A3-4E26-A0C8-6C35322BCE24}.Release|Any CPU.Build.0 = Release|Any CPU
		{ACD7ECD2-ED41-4389-824E-67BD2E008803}.Debug|Any CPU.ActiveCfg = Debug|Any CPU
		{ACD7ECD2-ED41-4389-824E-67BD2E008803}.Debug|Any CPU.Build.0 = Debug|Any CPU
		{ACD7ECD2-ED41-4389-824E-67BD2E008803}.Release|Any CPU.ActiveCfg = Release|Any CPU
		{ACD7ECD2-ED41-4389-824E-67BD2E008803}.Release|Any CPU.Build.0 = Release|Any CPU
		{9D34A726-C4C0-4656-A417-B864C38477B0}.Debug|Any CPU.ActiveCfg = Debug|Any CPU
		{9D34A726-C4C0-4656-A417-B864C38477B0}.Debug|Any CPU.Build.0 = Debug|Any CPU
		{9D34A726-C4C0-4656-A417-B864C38477B0}.Release|Any CPU.ActiveCfg = Release|Any CPU
		{9D34A726-C4C0-4656-A417-B864C38477B0}.Release|Any CPU.Build.0 = Release|Any CPU
		{DC69D8FC-88CD-46BA-96D5-707E7D7C100C}.Debug|Any CPU.ActiveCfg = Debug|Any CPU
		{DC69D8FC-88CD-46BA-96D5-707E7D7C100C}.Debug|Any CPU.Build.0 = Debug|Any CPU
		{DC69D8FC-88CD-46BA-96D5-707E7D7C100C}.Release|Any CPU.ActiveCfg = Release|Any CPU
		{DC69D8FC-88CD-46BA-96D5-707E7D7C100C}.Release|Any CPU.Build.0 = Release|Any CPU
	EndGlobalSection
	GlobalSection(SolutionProperties) = preSolution
		HideSolutionNode = FALSE
	EndGlobalSection
	GlobalSection(ExtensibilityGlobals) = postSolution
		SolutionGuid = {96D05FAE-896C-4C71-8B1B-8067197F5F9E}
	EndGlobalSection
EndGlobal
